
Microsoft Visual Studio Solution File, Format Version 12.00
# Visual Studio 15
VisualStudioVersion = 15.0.26124.0
MinimumVisualStudioVersion = 15.0.26124.0
Project("{FAE04EC0-301F-11D3-BF4B-00C04F79EFBC}") = "console", "console\console.csproj", "{E7A18648-076E-48EA-B006-42BE3326FBE5}"
EndProject
Project("{FAE04EC0-301F-11D3-BF4B-00C04F79EFBC}") = "console.Tests", "console.Tests\console.Tests.csproj", "{CF8A80AE-96DA-41BC-985F-83680A5A08B4}"
EndProject
Project("{F2A71F9B-5D33-465A-A702-920D77279786}") = "DownhillSimplex", "DownhillSimplex\DownhillSimplex.fsproj", "{4732C898-6C69-482C-A74A-F7043281FEA2}"
EndProject
Global
	GlobalSection(SolutionConfigurationPlatforms) = preSolution
		Debug|Any CPU = Debug|Any CPU
		Debug|x64 = Debug|x64
		Debug|x86 = Debug|x86
		Release|Any CPU = Release|Any CPU
		Release|x64 = Release|x64
		Release|x86 = Release|x86
	EndGlobalSection
	GlobalSection(SolutionProperties) = preSolution
		HideSolutionNode = FALSE
	EndGlobalSection
	GlobalSection(ProjectConfigurationPlatforms) = postSolution
		{CD4CB8EC-EADB-49E0-9C6D-0A6A870DC804}.Debug|Any CPU.ActiveCfg = Debug|Any CPU
		{CD4CB8EC-EADB-49E0-9C6D-0A6A870DC804}.Debug|Any CPU.Build.0 = Debug|Any CPU
		{CD4CB8EC-EADB-49E0-9C6D-0A6A870DC804}.Debug|x64.ActiveCfg = Debug|Any CPU
		{CD4CB8EC-EADB-49E0-9C6D-0A6A870DC804}.Debug|x64.Build.0 = Debug|Any CPU
		{CD4CB8EC-EADB-49E0-9C6D-0A6A870DC804}.Debug|x86.ActiveCfg = Debug|Any CPU
		{CD4CB8EC-EADB-49E0-9C6D-0A6A870DC804}.Debug|x86.Build.0 = Debug|Any CPU
		{CD4CB8EC-EADB-49E0-9C6D-0A6A870DC804}.Release|Any CPU.ActiveCfg = Release|Any CPU
		{CD4CB8EC-EADB-49E0-9C6D-0A6A870DC804}.Release|Any CPU.Build.0 = Release|Any CPU
		{CD4CB8EC-EADB-49E0-9C6D-0A6A870DC804}.Release|x64.ActiveCfg = Release|Any CPU
		{CD4CB8EC-EADB-49E0-9C6D-0A6A870DC804}.Release|x64.Build.0 = Release|Any CPU
		{CD4CB8EC-EADB-49E0-9C6D-0A6A870DC804}.Release|x86.ActiveCfg = Release|Any CPU
		{CD4CB8EC-EADB-49E0-9C6D-0A6A870DC804}.Release|x86.Build.0 = Release|Any CPU
		{E5A055D4-DC97-40FC-A218-E121759A184B}.Debug|Any CPU.ActiveCfg = Debug|Any CPU
		{E5A055D4-DC97-40FC-A218-E121759A184B}.Debug|Any CPU.Build.0 = Debug|Any CPU
		{E5A055D4-DC97-40FC-A218-E121759A184B}.Debug|x64.ActiveCfg = Debug|Any CPU
		{E5A055D4-DC97-40FC-A218-E121759A184B}.Debug|x64.Build.0 = Debug|Any CPU
		{E5A055D4-DC97-40FC-A218-E121759A184B}.Debug|x86.ActiveCfg = Debug|Any CPU
		{E5A055D4-DC97-40FC-A218-E121759A184B}.Debug|x86.Build.0 = Debug|Any CPU
		{E5A055D4-DC97-40FC-A218-E121759A184B}.Release|Any CPU.ActiveCfg = Release|Any CPU
		{E5A055D4-DC97-40FC-A218-E121759A184B}.Release|Any CPU.Build.0 = Release|Any CPU
		{E5A055D4-DC97-40FC-A218-E121759A184B}.Release|x64.ActiveCfg = Release|Any CPU
		{E5A055D4-DC97-40FC-A218-E121759A184B}.Release|x64.Build.0 = Release|Any CPU
		{E5A055D4-DC97-40FC-A218-E121759A184B}.Release|x86.ActiveCfg = Release|Any CPU
		{E5A055D4-DC97-40FC-A218-E121759A184B}.Release|x86.Build.0 = Release|Any CPU
		{F1E11AB9-8969-4B84-BA99-815B19BC880A}.Debug|Any CPU.ActiveCfg = Debug|Any CPU
		{F1E11AB9-8969-4B84-BA99-815B19BC880A}.Debug|Any CPU.Build.0 = Debug|Any CPU
		{F1E11AB9-8969-4B84-BA99-815B19BC880A}.Debug|x64.ActiveCfg = Debug|Any CPU
		{F1E11AB9-8969-4B84-BA99-815B19BC880A}.Debug|x64.Build.0 = Debug|Any CPU
		{F1E11AB9-8969-4B84-BA99-815B19BC880A}.Debug|x86.ActiveCfg = Debug|Any CPU
		{F1E11AB9-8969-4B84-BA99-815B19BC880A}.Debug|x86.Build.0 = Debug|Any CPU
		{F1E11AB9-8969-4B84-BA99-815B19BC880A}.Release|Any CPU.ActiveCfg = Release|Any CPU
		{F1E11AB9-8969-4B84-BA99-815B19BC880A}.Release|Any CPU.Build.0 = Release|Any CPU
		{F1E11AB9-8969-4B84-BA99-815B19BC880A}.Release|x64.ActiveCfg = Release|Any CPU
		{F1E11AB9-8969-4B84-BA99-815B19BC880A}.Release|x64.Build.0 = Release|Any CPU
		{F1E11AB9-8969-4B84-BA99-815B19BC880A}.Release|x86.ActiveCfg = Release|Any CPU
		{F1E11AB9-8969-4B84-BA99-815B19BC880A}.Release|x86.Build.0 = Release|Any CPU
		{E7A18648-076E-48EA-B006-42BE3326FBE5}.Debug|Any CPU.ActiveCfg = Debug|Any CPU
		{E7A18648-076E-48EA-B006-42BE3326FBE5}.Debug|Any CPU.Build.0 = Debug|Any CPU
		{E7A18648-076E-48EA-B006-42BE3326FBE5}.Debug|x64.ActiveCfg = Debug|Any CPU
		{E7A18648-076E-48EA-B006-42BE3326FBE5}.Debug|x64.Build.0 = Debug|Any CPU
		{E7A18648-076E-48EA-B006-42BE3326FBE5}.Debug|x86.ActiveCfg = Debug|Any CPU
		{E7A18648-076E-48EA-B006-42BE3326FBE5}.Debug|x86.Build.0 = Debug|Any CPU
		{E7A18648-076E-48EA-B006-42BE3326FBE5}.Release|Any CPU.ActiveCfg = Release|Any CPU
		{E7A18648-076E-48EA-B006-42BE3326FBE5}.Release|Any CPU.Build.0 = Release|Any CPU
		{E7A18648-076E-48EA-B006-42BE3326FBE5}.Release|x64.ActiveCfg = Release|Any CPU
		{E7A18648-076E-48EA-B006-42BE3326FBE5}.Release|x64.Build.0 = Release|Any CPU
		{E7A18648-076E-48EA-B006-42BE3326FBE5}.Release|x86.ActiveCfg = Release|Any CPU
		{E7A18648-076E-48EA-B006-42BE3326FBE5}.Release|x86.Build.0 = Release|Any CPU
		{CF8A80AE-96DA-41BC-985F-83680A5A08B4}.Debug|Any CPU.ActiveCfg = Debug|Any CPU
		{CF8A80AE-96DA-41BC-985F-83680A5A08B4}.Debug|Any CPU.Build.0 = Debug|Any CPU
		{CF8A80AE-96DA-41BC-985F-83680A5A08B4}.Debug|x64.ActiveCfg = Debug|Any CPU
		{CF8A80AE-96DA-41BC-985F-83680A5A08B4}.Debug|x64.Build.0 = Debug|Any CPU
		{CF8A80AE-96DA-41BC-985F-83680A5A08B4}.Debug|x86.ActiveCfg = Debug|Any CPU
		{CF8A80AE-96DA-41BC-985F-83680A5A08B4}.Debug|x86.Build.0 = Debug|Any CPU
		{CF8A80AE-96DA-41BC-985F-83680A5A08B4}.Release|Any CPU.ActiveCfg = Release|Any CPU
		{CF8A80AE-96DA-41BC-985F-83680A5A08B4}.Release|Any CPU.Build.0 = Release|Any CPU
		{CF8A80AE-96DA-41BC-985F-83680A5A08B4}.Release|x64.ActiveCfg = Release|Any CPU
		{CF8A80AE-96DA-41BC-985F-83680A5A08B4}.Release|x64.Build.0 = Release|Any CPU
		{CF8A80AE-96DA-41BC-985F-83680A5A08B4}.Release|x86.ActiveCfg = Release|Any CPU
		{CF8A80AE-96DA-41BC-985F-83680A5A08B4}.Release|x86.Build.0 = Release|Any CPU
		{4732C898-6C69-482C-A74A-F7043281FEA2}.Debug|Any CPU.ActiveCfg = Debug|Any CPU
		{4732C898-6C69-482C-A74A-F7043281FEA2}.Debug|Any CPU.Build.0 = Debug|Any CPU
		{4732C898-6C69-482C-A74A-F7043281FEA2}.Debug|x64.ActiveCfg = Debug|Any CPU
		{4732C898-6C69-482C-A74A-F7043281FEA2}.Debug|x64.Build.0 = Debug|Any CPU
		{4732C898-6C69-482C-A74A-F7043281FEA2}.Debug|x86.ActiveCfg = Debug|Any CPU
		{4732C898-6C69-482C-A74A-F7043281FEA2}.Debug|x86.Build.0 = Debug|Any CPU
		{4732C898-6C69-482C-A74A-F7043281FEA2}.Release|Any CPU.ActiveCfg = Release|Any CPU
		{4732C898-6C69-482C-A74A-F7043281FEA2}.Release|Any CPU.Build.0 = Release|Any CPU
		{4732C898-6C69-482C-A74A-F7043281FEA2}.Release|x64.ActiveCfg = Release|Any CPU
		{4732C898-6C69-482C-A74A-F7043281FEA2}.Release|x64.Build.0 = Release|Any CPU
		{4732C898-6C69-482C-A74A-F7043281FEA2}.Release|x86.ActiveCfg = Release|Any CPU
		{4732C898-6C69-482C-A74A-F7043281FEA2}.Release|x86.Build.0 = Release|Any CPU
	EndGlobalSection
EndGlobal
